
Microsoft Visual Studio Solution File, Format Version 12.00
# Visual Studio Version 17
VisualStudioVersion = 17.0.32126.317
MinimumVisualStudioVersion = 10.0.40219.1
Project("{FAE04EC0-301F-11D3-BF4B-00C04F79EFBC}") = "GMapExtractor", "GoogleMapScraper\GMapExtractor.csproj", "{FCE837CE-3DA7-4B74-879C-F7F82CAC97F2}"
EndProject
Global
	GlobalSection(SolutionConfigurationPlatforms) = preSolution
		Debug|Any CPU = Debug|Any CPU
		Release|Any CPU = Release|Any CPU
	EndGlobalSection
	GlobalSection(ProjectConfigurationPlatforms) = postSolution
		{FCE837CE-3DA7-4B74-879C-F7F82CAC97F2}.Debug|Any CPU.ActiveCfg = Debug|Any CPU
		{FCE837CE-3DA7-4B74-879C-F7F82CAC97F2}.Debug|Any CPU.Build.0 = Debug|Any CPU
		{FCE837CE-3DA7-4B74-879C-F7F82CAC97F2}.Release|Any CPU.ActiveCfg = Release|Any CPU
		{FCE837CE-3DA7-4B74-879C-F7F82CAC97F2}.Release|Any CPU.Build.0 = Release|Any CPU
	EndGlobalSection
	GlobalSection(SolutionProperties) = preSolution
		HideSolutionNode = FALSE
	EndGlobalSection
	GlobalSection(ExtensibilityGlobals) = postSolution
		SolutionGuid = {4096870E-E041-44BD-A91B-FE910DA6B9E5}
	EndGlobalSection
EndGlobal
